
Microsoft Visual Studio Solution File, Format Version 12.00
# Visual Studio Version 17
VisualStudioVersion = 17.6.33723.286
MinimumVisualStudioVersion = 10.0.40219.1
Project("{FAE04EC0-301F-11D3-BF4B-00C04F79EFBC}") = "SangDT_DotNetCore5.0", "SangDT_DotNetCore5.0\SangDT_DotNetCore5.0.csproj", "{FC5F8928-B394-4B8F-938A-0E84736A5FBF}"
EndProject
Global
	GlobalSection(SolutionConfigurationPlatforms) = preSolution
		Debug|Any CPU = Debug|Any CPU
		Release|Any CPU = Release|Any CPU
	EndGlobalSection
	GlobalSection(ProjectConfigurationPlatforms) = postSolution
		{FC5F8928-B394-4B8F-938A-0E84736A5FBF}.Debug|Any CPU.ActiveCfg = Debug|Any CPU
		{FC5F8928-B394-4B8F-938A-0E84736A5FBF}.Debug|Any CPU.Build.0 = Debug|Any CPU
		{FC5F8928-B394-4B8F-938A-0E84736A5FBF}.Release|Any CPU.ActiveCfg = Release|Any CPU
		{FC5F8928-B394-4B8F-938A-0E84736A5FBF}.Release|Any CPU.Build.0 = Release|Any CPU
	EndGlobalSection
	GlobalSection(SolutionProperties) = preSolution
		HideSolutionNode = FALSE
	EndGlobalSection
	GlobalSection(ExtensibilityGlobals) = postSolution
		SolutionGuid = {4166D912-4DDE-4464-A0CD-317249C84834}
	EndGlobalSection
EndGlobal
